
Microsoft Visual Studio Solution File, Format Version 12.00
# Visual Studio Version 17
VisualStudioVersion = 17.0.32112.339
MinimumVisualStudioVersion = 10.0.40219.1
Project("{FAE04EC0-301F-11D3-BF4B-00C04F79EFBC}") = "CV06", "CV06.csproj", "{FB67C53D-6496-4237-B68D-F5B62CEE4276}"
EndProject
Global
	GlobalSection(SolutionConfigurationPlatforms) = preSolution
		Debug|Any CPU = Debug|Any CPU
		Release|Any CPU = Release|Any CPU
	EndGlobalSection
	GlobalSection(ProjectConfigurationPlatforms) = postSolution
		{FB67C53D-6496-4237-B68D-F5B62CEE4276}.Debug|Any CPU.ActiveCfg = Debug|Any CPU
		{FB67C53D-6496-4237-B68D-F5B62CEE4276}.Debug|Any CPU.Build.0 = Debug|Any CPU
		{FB67C53D-6496-4237-B68D-F5B62CEE4276}.Release|Any CPU.ActiveCfg = Release|Any CPU
		{FB67C53D-6496-4237-B68D-F5B62CEE4276}.Release|Any CPU.Build.0 = Release|Any CPU
	EndGlobalSection
	GlobalSection(SolutionProperties) = preSolution
		HideSolutionNode = FALSE
	EndGlobalSection
	GlobalSection(ExtensibilityGlobals) = postSolution
		SolutionGuid = {210A9C39-DF42-4C81-9199-A4265B303D81}
	EndGlobalSection
EndGlobal
